
Microsoft Visual Studio Solution File, Format Version 12.00
# Visual Studio Version 16
VisualStudioVersion = 16.0.31727.386
MinimumVisualStudioVersion = 10.0.40219.1
Project("{FAE04EC0-301F-11D3-BF4B-00C04F79EFBC}") = "ServiceMtk-P1-20190140039", "ServiceMtk-P1-20190140039\ServiceMtk-P1-20190140039.csproj", "{99C7060F-5DC9-4319-9386-2E12FC51923B}"
EndProject
Global
	GlobalSection(SolutionConfigurationPlatforms) = preSolution
		Debug|Any CPU = Debug|Any CPU
		Release|Any CPU = Release|Any CPU
	EndGlobalSection
	GlobalSection(ProjectConfigurationPlatforms) = postSolution
		{99C7060F-5DC9-4319-9386-2E12FC51923B}.Debug|Any CPU.ActiveCfg = Debug|Any CPU
		{99C7060F-5DC9-4319-9386-2E12FC51923B}.Debug|Any CPU.Build.0 = Debug|Any CPU
		{99C7060F-5DC9-4319-9386-2E12FC51923B}.Release|Any CPU.ActiveCfg = Release|Any CPU
		{99C7060F-5DC9-4319-9386-2E12FC51923B}.Release|Any CPU.Build.0 = Release|Any CPU
	EndGlobalSection
	GlobalSection(SolutionProperties) = preSolution
		HideSolutionNode = FALSE
	EndGlobalSection
	GlobalSection(ExtensibilityGlobals) = postSolution
		SolutionGuid = {BB3E300B-0971-408C-BA20-D4D399F50A00}
	EndGlobalSection
EndGlobal
